
Microsoft Visual Studio Solution File, Format Version 12.00
# Visual Studio Version 16
VisualStudioVersion = 16.0.29911.84
MinimumVisualStudioVersion = 10.0.40219.1
Project("{FAE04EC0-301F-11D3-BF4B-00C04F79EFBC}") = "WPFmaps", "WPFmaps\WPFmaps.csproj", "{631B5CDE-BB46-4DB9-8123-ADCE2B10FC5A}"
EndProject
Global
	GlobalSection(SolutionConfigurationPlatforms) = preSolution
		Debug|Any CPU = Debug|Any CPU
		Release|Any CPU = Release|Any CPU
	EndGlobalSection
	GlobalSection(ProjectConfigurationPlatforms) = postSolution
		{631B5CDE-BB46-4DB9-8123-ADCE2B10FC5A}.Debug|Any CPU.ActiveCfg = Debug|Any CPU
		{631B5CDE-BB46-4DB9-8123-ADCE2B10FC5A}.Debug|Any CPU.Build.0 = Debug|Any CPU
		{631B5CDE-BB46-4DB9-8123-ADCE2B10FC5A}.Release|Any CPU.ActiveCfg = Release|Any CPU
		{631B5CDE-BB46-4DB9-8123-ADCE2B10FC5A}.Release|Any CPU.Build.0 = Release|Any CPU
	EndGlobalSection
	GlobalSection(SolutionProperties) = preSolution
		HideSolutionNode = FALSE
	EndGlobalSection
	GlobalSection(ExtensibilityGlobals) = postSolution
		SolutionGuid = {0747EE72-0BB4-4074-B36B-32EC7E86654F}
	EndGlobalSection
EndGlobal
